// !$*UTF8*$!
{
	archiveVersion = 1;
	classes = {
	};
	objectVersion = 46;
	objects = {

/* Begin PBXBuildFile section */
		196D357FE622EB035B55F71D /* Pods_Mark_Gift.framework in Frameworks */ = {isa = PBXBuildFile; fileRef = 2339D158F482E0B495BEE4BF /* Pods_Mark_Gift.framework */; };
		4D2B57D51D4204CC008E6B19 /* AppDelegate.swift in Sources */ = {isa = PBXBuildFile; fileRef = 4D2B57D41D4204CC008E6B19 /* AppDelegate.swift */; };
		4D2B57D71D4204CC008E6B19 /* ViewController.swift in Sources */ = {isa = PBXBuildFile; fileRef = 4D2B57D61D4204CC008E6B19 /* ViewController.swift */; };
		4D2B57DA1D4204CC008E6B19 /* Main.storyboard in Resources */ = {isa = PBXBuildFile; fileRef = 4D2B57D81D4204CC008E6B19 /* Main.storyboard */; };
		4D2B57DC1D4204CC008E6B19 /* Assets.xcassets in Resources */ = {isa = PBXBuildFile; fileRef = 4D2B57DB1D4204CC008E6B19 /* Assets.xcassets */; };
		4D2B57DF1D4204CC008E6B19 /* LaunchScreen.storyboard in Resources */ = {isa = PBXBuildFile; fileRef = 4D2B57DD1D4204CC008E6B19 /* LaunchScreen.storyboard */; };
		4D2B57E71D420A23008E6B19 /* LaunchImage.xcassets in Resources */ = {isa = PBXBuildFile; fileRef = 4D2B57E61D420A23008E6B19 /* LaunchImage.xcassets */; };
		4D5677711D47053C00395641 /* MHomeViewController.swift in Sources */ = {isa = PBXBuildFile; fileRef = 4D5677701D47053C00395641 /* MHomeViewController.swift */; };
		4D5677811D47060A00395641 /* MCategoryViewController.swift in Sources */ = {isa = PBXBuildFile; fileRef = 4D5677801D47060A00395641 /* MCategoryViewController.swift */; };
		4D5677831D47061700395641 /* MHotViewController.swift in Sources */ = {isa = PBXBuildFile; fileRef = 4D5677821D47061700395641 /* MHotViewController.swift */; };
		4D5677851D470ACB00395641 /* MHomeSigmentView.swift in Sources */ = {isa = PBXBuildFile; fileRef = 4D5677841D470ACB00395641 /* MHomeSigmentView.swift */; };
		4D5677891D47159A00395641 /* MSegmentTypeModel.swift in Sources */ = {isa = PBXBuildFile; fileRef = 4D5677881D47159A00395641 /* MSegmentTypeModel.swift */; };
		4D56778B1D47343600395641 /* MHttpTool.swift in Sources */ = {isa = PBXBuildFile; fileRef = 4D56778A1D47343600395641 /* MHttpTool.swift */; };
		4D56778E1D47412700395641 /* UIColor+MColor.swift in Sources */ = {isa = PBXBuildFile; fileRef = 4D56778D1D47412700395641 /* UIColor+MColor.swift */; };
		4D5677901D4744B900395641 /* NSString+Width.swift in Sources */ = {isa = PBXBuildFile; fileRef = 4D56778F1D4744B900395641 /* NSString+Width.swift */; };
		4D5677921D475F2800395641 /* UIView+Frame.swift in Sources */ = {isa = PBXBuildFile; fileRef = 4D5677911D475F2800395641 /* UIView+Frame.swift */; };
		4DB317E21D45AD0800BEEADF /* MTabBarController.swift in Sources */ = {isa = PBXBuildFile; fileRef = 4DB317E11D45AD0800BEEADF /* MTabBarController.swift */; };
		4DB317E41D45BB2100BEEADF /* MNavController.swift in Sources */ = {isa = PBXBuildFile; fileRef = 4DB317E31D45BB2100BEEADF /* MNavController.swift */; };
		4DB317E61D45BB3600BEEADF /* MViewController.swift in Sources */ = {isa = PBXBuildFile; fileRef = 4DB317E51D45BB3600BEEADF /* MViewController.swift */; };
/* End PBXBuildFile section */

/* Begin PBXFileReference section */
		2339D158F482E0B495BEE4BF /* Pods_Mark_Gift.framework */ = {isa = PBXFileReference; explicitFileType = wrapper.framework; includeInIndex = 0; path = Pods_Mark_Gift.framework; sourceTree = BUILT_PRODUCTS_DIR; };
		2BDC006C0D284B214B2DBFEB /* Pods-Mark_Gift.release.xcconfig */ = {isa = PBXFileReference; includeInIndex = 1; lastKnownFileType = text.xcconfig; name = "Pods-Mark_Gift.release.xcconfig"; path = "Pods/Target Support Files/Pods-Mark_Gift/Pods-Mark_Gift.release.xcconfig"; sourceTree = "<group>"; };
		4D2B57D11D4204CB008E6B19 /* Mark_Gift.app */ = {isa = PBXFileReference; explicitFileType = wrapper.application; includeInIndex = 0; path = Mark_Gift.app; sourceTree = BUILT_PRODUCTS_DIR; };
		4D2B57D41D4204CC008E6B19 /* AppDelegate.swift */ = {isa = PBXFileReference; lastKnownFileType = sourcecode.swift; path = AppDelegate.swift; sourceTree = "<group>"; };
		4D2B57D61D4204CC008E6B19 /* ViewController.swift */ = {isa = PBXFileReference; lastKnownFileType = sourcecode.swift; path = ViewController.swift; sourceTree = "<group>"; };
		4D2B57D91D4204CC008E6B19 /* Base */ = {isa = PBXFileReference; lastKnownFileType = file.storyboard; name = Base; path = Base.lproj/Main.storyboard; sourceTree = "<group>"; };
		4D2B57DB1D4204CC008E6B19 /* Assets.xcassets */ = {isa = PBXFileReference; lastKnownFileType = folder.assetcatalog; path = Assets.xcassets; sourceTree = "<group>"; };
		4D2B57DE1D4204CC008E6B19 /* Base */ = {isa = PBXFileReference; lastKnownFileType = file.storyboard; name = Base; path = Base.lproj/LaunchScreen.storyboard; sourceTree = "<group>"; };
		4D2B57E01D4204CC008E6B19 /* Info.plist */ = {isa = PBXFileReference; lastKnownFileType = text.plist.xml; path = Info.plist; sourceTree = "<group>"; };
		4D2B57E61D420A23008E6B19 /* LaunchImage.xcassets */ = {isa = PBXFileReference; lastKnownFileType = folder.assetcatalog; path = LaunchImage.xcassets; sourceTree = "<group>"; };
		4D5677701D47053C00395641 /* MHomeViewController.swift */ = {isa = PBXFileReference; fileEncoding = 4; lastKnownFileType = sourcecode.swift; path = MHomeViewController.swift; sourceTree = "<group>"; };
		4D5677801D47060A00395641 /* MCategoryViewController.swift */ = {isa = PBXFileReference; fileEncoding = 4; lastKnownFileType = sourcecode.swift; path = MCategoryViewController.swift; sourceTree = "<group>"; };
		4D5677821D47061700395641 /* MHotViewController.swift */ = {isa = PBXFileReference; fileEncoding = 4; lastKnownFileType = sourcecode.swift; path = MHotViewController.swift; sourceTree = "<group>"; };
		4D5677841D470ACB00395641 /* MHomeSigmentView.swift */ = {isa = PBXFileReference; fileEncoding = 4; lastKnownFileType = sourcecode.swift; path = MHomeSigmentView.swift; sourceTree = "<group>"; };
		4D5677871D470E3A00395641 /* Masonry-Header.h */ = {isa = PBXFileReference; lastKnownFileType = sourcecode.c.h; path = "Masonry-Header.h"; sourceTree = "<group>"; };
		4D5677881D47159A00395641 /* MSegmentTypeModel.swift */ = {isa = PBXFileReference; fileEncoding = 4; lastKnownFileType = sourcecode.swift; path = MSegmentTypeModel.swift; sourceTree = "<group>"; };
		4D56778A1D47343600395641 /* MHttpTool.swift */ = {isa = PBXFileReference; fileEncoding = 4; lastKnownFileType = sourcecode.swift; path = MHttpTool.swift; sourceTree = "<group>"; };
		4D56778D1D47412700395641 /* UIColor+MColor.swift */ = {isa = PBXFileReference; fileEncoding = 4; lastKnownFileType = sourcecode.swift; path = "UIColor+MColor.swift"; sourceTree = "<group>"; };
		4D56778F1D4744B900395641 /* NSString+Width.swift */ = {isa = PBXFileReference; fileEncoding = 4; lastKnownFileType = sourcecode.swift; path = "NSString+Width.swift"; sourceTree = "<group>"; };
		4D5677911D475F2800395641 /* UIView+Frame.swift */ = {isa = PBXFileReference; fileEncoding = 4; lastKnownFileType = sourcecode.swift; path = "UIView+Frame.swift"; sourceTree = "<group>"; };
		4DB317E11D45AD0800BEEADF /* MTabBarController.swift */ = {isa = PBXFileReference; fileEncoding = 4; lastKnownFileType = sourcecode.swift; path = MTabBarController.swift; sourceTree = "<group>"; };
		4DB317E31D45BB2100BEEADF /* MNavController.swift */ = {isa = PBXFileReference; fileEncoding = 4; lastKnownFileType = sourcecode.swift; path = MNavController.swift; sourceTree = "<group>"; };
		4DB317E51D45BB3600BEEADF /* MViewController.swift */ = {isa = PBXFileReference; fileEncoding = 4; lastKnownFileType = sourcecode.swift; path = MViewController.swift; sourceTree = "<group>"; };
		DD354C2551DA6E1054C4348F /* Pods-Mark_Gift.debug.xcconfig */ = {isa = PBXFileReference; includeInIndex = 1; lastKnownFileType = text.xcconfig; name = "Pods-Mark_Gift.debug.xcconfig"; path = "Pods/Target Support Files/Pods-Mark_Gift/Pods-Mark_Gift.debug.xcconfig"; sourceTree = "<group>"; };
/* End PBXFileReference section */

/* Begin PBXFrameworksBuildPhase section */
		4D2B57CE1D4204CB008E6B19 /* Frameworks */ = {
			isa = PBXFrameworksBuildPhase;
			buildActionMask = 2147483647;
			files = (
				196D357FE622EB035B55F71D /* Pods_Mark_Gift.framework in Frameworks */,
			);
			runOnlyForDeploymentPostprocessing = 0;
		};
/* End PBXFrameworksBuildPhase section */

/* Begin PBXGroup section */
		4D2B57C81D4204CB008E6B19 = {
			isa = PBXGroup;
			children = (
				4D2B57D31D4204CC008E6B19 /* Mark_Gift */,
				4D2B57D21D4204CB008E6B19 /* Products */,
				8E5FDBE891BD1FDEE49729F8 /* Pods */,
				712B09F58E64EC729C45A5ED /* Frameworks */,
			);
			sourceTree = "<group>";
		};
		4D2B57D21D4204CB008E6B19 /* Products */ = {
			isa = PBXGroup;
			children = (
				4D2B57D11D4204CB008E6B19 /* Mark_Gift.app */,
			);
			name = Products;
			sourceTree = "<group>";
		};
		4D2B57D31D4204CC008E6B19 /* Mark_Gift */ = {
			isa = PBXGroup;
			children = (
				4D5677861D470E1400395641 /* Help */,
				4DB317E01D45AC9100BEEADF /* BaseClass */,
				4D56776F1D47049800395641 /* Modules */,
				4D2B57D41D4204CC008E6B19 /* AppDelegate.swift */,
				4D2B57D61D4204CC008E6B19 /* ViewController.swift */,
				4D2B57D81D4204CC008E6B19 /* Main.storyboard */,
				4D2B57DB1D4204CC008E6B19 /* Assets.xcassets */,
				4D2B57DD1D4204CC008E6B19 /* LaunchScreen.storyboard */,
				4D2B57E01D4204CC008E6B19 /* Info.plist */,
				4D2B57E61D420A23008E6B19 /* LaunchImage.xcassets */,
			);
			path = Mark_Gift;
			sourceTree = "<group>";
		};
		4D56776F1D47049800395641 /* Modules */ = {
			isa = PBXGroup;
			children = (
				4D56777C1D4705B900395641 /* Categroy */,
				4D5677781D47058300395641 /* Hot */,
				4D5677721D47054400395641 /* Home */,
			);
			name = Modules;
			sourceTree = "<group>";
		};
		4D5677721D47054400395641 /* Home */ = {
			isa = PBXGroup;
			children = (
				4D5677751D47056100395641 /* Model */,
				4D5677741D47055A00395641 /* View */,
				4D5677731D47054C00395641 /* ViewController */,
			);
			name = Home;
			sourceTree = "<group>";
		};
		4D5677731D47054C00395641 /* ViewController */ = {
			isa = PBXGroup;
			children = (
				4D5677701D47053C00395641 /* MHomeViewController.swift */,
			);
			name = ViewController;
			sourceTree = "<group>";
		};
		4D5677741D47055A00395641 /* View */ = {
			isa = PBXGroup;
			children = (
				4D5677841D470ACB00395641 /* MHomeSigmentView.swift */,
			);
			name = View;
			sourceTree = "<group>";
		};
		4D5677751D47056100395641 /* Model */ = {
			isa = PBXGroup;
			children = (
				4D5677881D47159A00395641 /* MSegmentTypeModel.swift */,
			);
			name = Model;
			sourceTree = "<group>";
		};
		4D5677781D47058300395641 /* Hot */ = {
			isa = PBXGroup;
			children = (
				4D56777B1D4705AC00395641 /* View */,
				4D56777A1D4705A700395641 /* Model */,
				4D5677791D47059700395641 /* ViewController */,
			);
			name = Hot;
			sourceTree = "<group>";
		};
		4D5677791D47059700395641 /* ViewController */ = {
			isa = PBXGroup;
			children = (
				4D5677821D47061700395641 /* MHotViewController.swift */,
			);
			name = ViewController;
			sourceTree = "<group>";
		};
		4D56777A1D4705A700395641 /* Model */ = {
			isa = PBXGroup;
			children = (
			);
			name = Model;
			sourceTree = "<group>";
		};
		4D56777B1D4705AC00395641 /* View */ = {
			isa = PBXGroup;
			children = (
			);
			name = View;
			sourceTree = "<group>";
		};
		4D56777C1D4705B900395641 /* Categroy */ = {
			isa = PBXGroup;
			children = (
				4D56777F1D4705D500395641 /* View */,
				4D56777E1D4705D000395641 /* Model */,
				4D56777D1D4705C700395641 /* ViewController */,
			);
			name = Categroy;
			sourceTree = "<group>";
		};
		4D56777D1D4705C700395641 /* ViewController */ = {
			isa = PBXGroup;
			children = (
				4D5677801D47060A00395641 /* MCategoryViewController.swift */,
			);
			name = ViewController;
			sourceTree = "<group>";
		};
		4D56777E1D4705D000395641 /* Model */ = {
			isa = PBXGroup;
			children = (
			);
			name = Model;
			sourceTree = "<group>";
		};
		4D56777F1D4705D500395641 /* View */ = {
			isa = PBXGroup;
			children = (
			);
			name = View;
			sourceTree = "<group>";
		};
		4D5677861D470E1400395641 /* Help */ = {
			isa = PBXGroup;
			children = (
				4D56778C1D4740C700395641 /* Category */,
				4D5677871D470E3A00395641 /* Masonry-Header.h */,
				4D56778A1D47343600395641 /* MHttpTool.swift */,
			);
			name = Help;
			sourceTree = "<group>";
		};
		4D56778C1D4740C700395641 /* Category */ = {
			isa = PBXGroup;
			children = (
				4D56778D1D47412700395641 /* UIColor+MColor.swift */,
				4D56778F1D4744B900395641 /* NSString+Width.swift */,
				4D5677911D475F2800395641 /* UIView+Frame.swift */,
			);
			name = Category;
			sourceTree = "<group>";
		};
		4DB317E01D45AC9100BEEADF /* BaseClass */ = {
			isa = PBXGroup;
			children = (
				4DB317E11D45AD0800BEEADF /* MTabBarController.swift */,
				4DB317E31D45BB2100BEEADF /* MNavController.swift */,
				4DB317E51D45BB3600BEEADF /* MViewController.swift */,
			);
			name = BaseClass;
			sourceTree = "<group>";
		};
		712B09F58E64EC729C45A5ED /* Frameworks */ = {
			isa = PBXGroup;
			children = (
				2339D158F482E0B495BEE4BF /* Pods_Mark_Gift.framework */,
			);
			name = Frameworks;
			sourceTree = "<group>";
		};
		8E5FDBE891BD1FDEE49729F8 /* Pods */ = {
			isa = PBXGroup;
			children = (
				DD354C2551DA6E1054C4348F /* Pods-Mark_Gift.debug.xcconfig */,
				2BDC006C0D284B214B2DBFEB /* Pods-Mark_Gift.release.xcconfig */,
			);
			name = Pods;
			sourceTree = "<group>";
		};
/* End PBXGroup section */

/* Begin PBXNativeTarget section */
		4D2B57D01D4204CB008E6B19 /* Mark_Gift */ = {
			isa = PBXNativeTarget;
			buildConfigurationList = 4D2B57E31D4204CC008E6B19 /* Build configuration list for PBXNativeTarget "Mark_Gift" */;
			buildPhases = (
				5A9E7C7236947A608AC0FCF1 /* [CP] Check Pods Manifest.lock */,
				4D2B57CD1D4204CB008E6B19 /* Sources */,
				4D2B57CE1D4204CB008E6B19 /* Frameworks */,
				4D2B57CF1D4204CB008E6B19 /* Resources */,
				33477E9C8463B0FCBEFF8B14 /* [CP] Embed Pods Frameworks */,
				C5D31093001E20E979223532 /* [CP] Copy Pods Resources */,
			);
			buildRules = (
			);
			dependencies = (
			);
			name = Mark_Gift;
			productName = Mark_Gift;
			productReference = 4D2B57D11D4204CB008E6B19 /* Mark_Gift.app */;
			productType = "com.apple.product-type.application";
		};
/* End PBXNativeTarget section */

/* Begin PBXProject section */
		4D2B57C91D4204CB008E6B19 /* Project object */ = {
			isa = PBXProject;
			attributes = {
				LastSwiftUpdateCheck = 0730;
				LastUpgradeCheck = 0730;
				ORGANIZATIONNAME = Mark;
				TargetAttributes = {
					4D2B57D01D4204CB008E6B19 = {
						CreatedOnToolsVersion = 7.3.1;
					};
				};
			};
			buildConfigurationList = 4D2B57CC1D4204CB008E6B19 /* Build configuration list for PBXProject "Mark_Gift" */;
			compatibilityVersion = "Xcode 3.2";
			developmentRegion = English;
			hasScannedForEncodings = 0;
			knownRegions = (
				en,
				Base,
			);
			mainGroup = 4D2B57C81D4204CB008E6B19;
			productRefGroup = 4D2B57D21D4204CB008E6B19 /* Products */;
			projectDirPath = "";
			projectRoot = "";
			targets = (
				4D2B57D01D4204CB008E6B19 /* Mark_Gift */,
			);
		};
/* End PBXProject section */

/* Begin PBXResourcesBuildPhase section */
		4D2B57CF1D4204CB008E6B19 /* Resources */ = {
			isa = PBXResourcesBuildPhase;
			buildActionMask = 2147483647;
			files = (
				4D2B57DF1D4204CC008E6B19 /* LaunchScreen.storyboard in Resources */,
				4D2B57E71D420A23008E6B19 /* LaunchImage.xcassets in Resources */,
				4D2B57DC1D4204CC008E6B19 /* Assets.xcassets in Resources */,
				4D2B57DA1D4204CC008E6B19 /* Main.storyboard in Resources */,
			);
			runOnlyForDeploymentPostprocessing = 0;
		};
/* End PBXResourcesBuildPhase section */

/* Begin PBXShellScriptBuildPhase section */
		33477E9C8463B0FCBEFF8B14 /* [CP] Embed Pods Frameworks */ = {
			isa = PBXShellScriptBuildPhase;
			buildActionMask = 2147483647;
			files = (
			);
			inputPaths = (
			);
			name = "[CP] Embed Pods Frameworks";
			outputPaths = (
			);
			runOnlyForDeploymentPostprocessing = 0;
			shellPath = /bin/sh;
			shellScript = "\"${SRCROOT}/Pods/Target Support Files/Pods-Mark_Gift/Pods-Mark_Gift-frameworks.sh\"\n";
			showEnvVarsInLog = 0;
		};
		5A9E7C7236947A608AC0FCF1 /* [CP] Check Pods Manifest.lock */ = {
			isa = PBXShellScriptBuildPhase;
			buildActionMask = 2147483647;
			files = (
			);
			inputPaths = (
			);
			name = "[CP] Check Pods Manifest.lock";
			outputPaths = (
			);
			runOnlyForDeploymentPostprocessing = 0;
			shellPath = /bin/sh;
			shellScript = "diff \"${PODS_ROOT}/../Podfile.lock\" \"${PODS_ROOT}/Manifest.lock\" > /dev/null\nif [[ $? != 0 ]] ; then\n    cat << EOM\nerror: The sandbox is not in sync with the Podfile.lock. Run 'pod install' or update your CocoaPods installation.\nEOM\n    exit 1\nfi\n";
			showEnvVarsInLog = 0;
		};
		C5D31093001E20E979223532 /* [CP] Copy Pods Resources */ = {
			isa = PBXShellScriptBuildPhase;
			buildActionMask = 2147483647;
			files = (
			);
			inputPaths = (
			);
			name = "[CP] Copy Pods Resources";
			outputPaths = (
			);
			runOnlyForDeploymentPostprocessing = 0;
			shellPath = /bin/sh;
			shellScript = "\"${SRCROOT}/Pods/Target Support Files/Pods-Mark_Gift/Pods-Mark_Gift-resources.sh\"\n";
			showEnvVarsInLog = 0;
		};
/* End PBXShellScriptBuildPhase section */

/* Begin PBXSourcesBuildPhase section */
		4D2B57CD1D4204CB008E6B19 /* Sources */ = {
			isa = PBXSourcesBuildPhase;
			buildActionMask = 2147483647;
			files = (
				4D5677901D4744B900395641 /* NSString+Width.swift in Sources */,
				4D2B57D71D4204CC008E6B19 /* ViewController.swift in Sources */,
				4DB317E41D45BB2100BEEADF /* MNavController.swift in Sources */,
				4D5677831D47061700395641 /* MHotViewController.swift in Sources */,
				4D5677921D475F2800395641 /* UIView+Frame.swift in Sources */,
				4D56778E1D47412700395641 /* UIColor+MColor.swift in Sources */,
				4D56778B1D47343600395641 /* MHttpTool.swift in Sources */,
				4D5677891D47159A00395641 /* MSegmentTypeModel.swift in Sources */,
				4DB317E61D45BB3600BEEADF /* MViewController.swift in Sources */,
				4D5677851D470ACB00395641 /* MHomeSigmentView.swift in Sources */,
				4D5677711D47053C00395641 /* MHomeViewController.swift in Sources */,
				4DB317E21D45AD0800BEEADF /* MTabBarController.swift in Sources */,
				4D2B57D51D4204CC008E6B19 /* AppDelegate.swift in Sources */,
				4D5677811D47060A00395641 /* MCategoryViewController.swift in Sources */,
			);
			runOnlyForDeploymentPostprocessing = 0;
		};
/* End PBXSourcesBuildPhase section */

/* Begin PBXVariantGroup section */
		4D2B57D81D4204CC008E6B19 /* Main.storyboard */ = {
			isa = PBXVariantGroup;
			children = (
				4D2B57D91D4204CC008E6B19 /* Base */,
			);
			name = Main.storyboard;
			sourceTree = "<group>";
		};
		4D2B57DD1D4204CC008E6B19 /* LaunchScreen.storyboard */ = {
			isa = PBXVariantGroup;
			children = (
				4D2B57DE1D4204CC008E6B19 /* Base */,
			);
			name = LaunchScreen.storyboard;
			sourceTree = "<group>";
		};
/* End PBXVariantGroup section */

/* Begin XCBuildConfiguration section */
		4D2B57E11D4204CC008E6B19 /* Debug */ = {
			isa = XCBuildConfiguration;
			buildSettings = {
				ALWAYS_SEARCH_USER_PATHS = NO;
				CLANG_ANALYZER_NONNULL = YES;
				CLANG_CXX_LANGUAGE_STANDARD = "gnu++0x";
				CLANG_CXX_LIBRARY = "libc++";
				CLANG_ENABLE_MODULES = YES;
				CLANG_ENABLE_OBJC_ARC = YES;
				CLANG_WARN_BOOL_CONVERSION = YES;
				CLANG_WARN_CONSTANT_CONVERSION = YES;
				CLANG_WARN_DIRECT_OBJC_ISA_USAGE = YES_ERROR;
				CLANG_WARN_EMPTY_BODY = YES;
				CLANG_WARN_ENUM_CONVERSION = YES;
				CLANG_WARN_INT_CONVERSION = YES;
				CLANG_WARN_OBJC_ROOT_CLASS = YES_ERROR;
				CLANG_WARN_UNREACHABLE_CODE = YES;
				CLANG_WARN__DUPLICATE_METHOD_MATCH = YES;
				"CODE_SIGN_IDENTITY[sdk=iphoneos*]" = "iPhone Developer";
				COPY_PHASE_STRIP = NO;
				DEBUG_INFORMATION_FORMAT = dwarf;
				ENABLE_STRICT_OBJC_MSGSEND = YES;
				ENABLE_TESTABILITY = YES;
				GCC_C_LANGUAGE_STANDARD = gnu99;
				GCC_DYNAMIC_NO_PIC = NO;
				GCC_NO_COMMON_BLOCKS = YES;
				GCC_OPTIMIZATION_LEVEL = 0;
				GCC_PREPROCESSOR_DEFINITIONS = (
					"DEBUG=1",
					"$(inherited)",
				);
				GCC_WARN_64_TO_32_BIT_CONVERSION = YES;
				GCC_WARN_ABOUT_RETURN_TYPE = YES_ERROR;
				GCC_WARN_UNDECLARED_SELECTOR = YES;
				GCC_WARN_UNINITIALIZED_AUTOS = YES_AGGRESSIVE;
				GCC_WARN_UNUSED_FUNCTION = YES;
				GCC_WARN_UNUSED_VARIABLE = YES;
				IPHONEOS_DEPLOYMENT_TARGET = 9.3;
				MTL_ENABLE_DEBUG_INFO = YES;
				ONLY_ACTIVE_ARCH = YES;
				SDKROOT = iphoneos;
				SWIFT_OPTIMIZATION_LEVEL = "-Onone";
			};
			name = Debug;
		};
		4D2B57E21D4204CC008E6B19 /* Release */ = {
			isa = XCBuildConfiguration;
			buildSettings = {
				ALWAYS_SEARCH_USER_PATHS = NO;
				CLANG_ANALYZER_NONNULL = YES;
				CLANG_CXX_LANGUAGE_STANDARD = "gnu++0x";
				CLANG_CXX_LIBRARY = "libc++";
				CLANG_ENABLE_MODULES = YES;
				CLANG_ENABLE_OBJC_ARC = YES;
				CLANG_WARN_BOOL_CONVERSION = YES;
				CLANG_WARN_CONSTANT_CONVERSION = YES;
				CLANG_WARN_DIRECT_OBJC_ISA_USAGE = YES_ERROR;
				CLANG_WARN_EMPTY_BODY = YES;
				CLANG_WARN_ENUM_CONVERSION = YES;
				CLANG_WARN_INT_CONVERSION = YES;
				CLANG_WARN_OBJC_ROOT_CLASS = YES_ERROR;
				CLANG_WARN_UNREACHABLE_CODE = YES;
				CLANG_WARN__DUPLICATE_METHOD_MATCH = YES;
				"CODE_SIGN_IDENTITY[sdk=iphoneos*]" = "iPhone Developer";
				COPY_PHASE_STRIP = NO;
				DEBUG_INFORMATION_FORMAT = "dwarf-with-dsym";
				ENABLE_NS_ASSERTIONS = NO;
				ENABLE_STRICT_OBJC_MSGSEND = YES;
				GCC_C_LANGUAGE_STANDARD = gnu99;
				GCC_NO_COMMON_BLOCKS = YES;
				GCC_WARN_64_TO_32_BIT_CONVERSION = YES;
				GCC_WARN_ABOUT_RETURN_TYPE = YES_ERROR;
				GCC_WARN_UNDECLARED_SELECTOR = YES;
				GCC_WARN_UNINITIALIZED_AUTOS = YES_AGGRESSIVE;
				GCC_WARN_UNUSED_FUNCTION = YES;
				GCC_WARN_UNUSED_VARIABLE = YES;
				IPHONEOS_DEPLOYMENT_TARGET = 9.3;
				MTL_ENABLE_DEBUG_INFO = NO;
				SDKROOT = iphoneos;
				VALIDATE_PRODUCT = YES;
			};
			name = Release;
		};
		4D2B57E41D4204CC008E6B19 /* Debug */ = {
			isa = XCBuildConfiguration;
			baseConfigurationReference = DD354C2551DA6E1054C4348F /* Pods-Mark_Gift.debug.xcconfig */;
			buildSettings = {
				ASSETCATALOG_COMPILER_APPICON_NAME = AppIcon;
				ASSETCATALOG_COMPILER_LAUNCHIMAGE_NAME = LaunchImage;
				INFOPLIST_FILE = Mark_Gift/Info.plist;
				IPHONEOS_DEPLOYMENT_TARGET = 9.0;
				LD_RUNPATH_SEARCH_PATHS = "$(inherited) @executable_path/Frameworks";
				PRODUCT_BUNDLE_IDENTIFIER = come.233.gift;
				PRODUCT_NAME = "$(TARGET_NAME)";
				SWIFT_OBJC_BRIDGING_HEADER = "Mark_Gift/Masonry-Header.h";
			};
			name = Debug;
		};
		4D2B57E51D4204CC008E6B19 /* Release */ = {
			isa = XCBuildConfiguration;
			baseConfigurationReference = 2BDC006C0D284B214B2DBFEB /* Pods-Mark_Gift.release.xcconfig */;
			buildSettings = {
				ASSETCATALOG_COMPILER_APPICON_NAME = AppIcon;
				ASSETCATALOG_COMPILER_LAUNCHIMAGE_NAME = LaunchImage;
				INFOPLIST_FILE = Mark_Gift/Info.plist;
				IPHONEOS_DEPLOYMENT_TARGET = 9.0;
				LD_RUNPATH_SEARCH_PATHS = "$(inherited) @executable_path/Frameworks";
				PRODUCT_BUNDLE_IDENTIFIER = come.233.gift;
				PRODUCT_NAME = "$(TARGET_NAME)";
				SWIFT_OBJC_BRIDGING_HEADER = "Mark_Gift/Masonry-Header.h";
			};
			name = Release;
		};
/* End XCBuildConfiguration section */

/* Begin XCConfigurationList section */
		4D2B57CC1D4204CB008E6B19 /* Build configuration list for PBXProject "Mark_Gift" */ = {
			isa = XCConfigurationList;
			buildConfigurations = (
				4D2B57E11D4204CC008E6B19 /* Debug */,
				4D2B57E21D4204CC008E6B19 /* Release */,
			);
			defaultConfigurationIsVisible = 0;
			defaultConfigurationName = Release;
		};
		4D2B57E31D4204CC008E6B19 /* Build configuration list for PBXNativeTarget "Mark_Gift" */ = {
			isa = XCConfigurationList;
			buildConfigurations = (
				4D2B57E41D4204CC008E6B19 /* Debug */,
				4D2B57E51D4204CC008E6B19 /* Release */,
			);
			defaultConfigurationIsVisible = 0;
			defaultConfigurationName = Release;
		};
/* End XCConfigurationList section */
	};
	rootObject = 4D2B57C91D4204CB008E6B19 /* Project object */;
}
